// !$*UTF8*$!
{
	archiveVersion = 1;
	classes = {
	};
	objectVersion = 50;
	objects = {

/* Begin PBXBuildFile section */
		1C8438B8255FC8A30095DF11 /* AppDelegate.swift in Sources */ = {isa = PBXBuildFile; fileRef = 1C8438B6255FC8A30095DF11 /* AppDelegate.swift */; };
		1C8438B9255FC8A30095DF11 /* SceneDelegate.swift in Sources */ = {isa = PBXBuildFile; fileRef = 1C8438B7255FC8A30095DF11 /* SceneDelegate.swift */; };
		1C8438BC255FC8B00095DF11 /* ViewController.swift in Sources */ = {isa = PBXBuildFile; fileRef = 1C8438BB255FC8B00095DF11 /* ViewController.swift */; };
		33B525A6255FBFBB0081221E /* Assets.xcassets in Resources */ = {isa = PBXBuildFile; fileRef = 33B525A5255FBFBB0081221E /* Assets.xcassets */; };
		33B525A9255FBFBB0081221E /* LaunchScreen.storyboard in Resources */ = {isa = PBXBuildFile; fileRef = 33B525A7255FBFBB0081221E /* LaunchScreen.storyboard */; };
		33B525C9255FC12A0081221E /* Main.storyboard in Resources */ = {isa = PBXBuildFile; fileRef = 33B525C8255FC12A0081221E /* Main.storyboard */; };
		33B525E4255FCADF0081221E /* Profile.storyboard in Resources */ = {isa = PBXBuildFile; fileRef = 33B525E3255FCADF0081221E /* Profile.storyboard */; };
		33B525E7255FCAEF0081221E /* PickList.storyboard in Resources */ = {isa = PBXBuildFile; fileRef = 33B525E6255FCAEF0081221E /* PickList.storyboard */; };
		33B525EA255FCCB60081221E /* TabbarVC.swift in Sources */ = {isa = PBXBuildFile; fileRef = 33B525E9255FCCB60081221E /* TabbarVC.swift */; };
		33B525ED255FCD160081221E /* HomeVC.swift in Sources */ = {isa = PBXBuildFile; fileRef = 33B525EC255FCD160081221E /* HomeVC.swift */; };
		33B525F0255FCD240081221E /* PickListVC.swift in Sources */ = {isa = PBXBuildFile; fileRef = 33B525EF255FCD240081221E /* PickListVC.swift */; };
		33B525F3255FCD310081221E /* ProfileVC.swift in Sources */ = {isa = PBXBuildFile; fileRef = 33B525F2255FCD310081221E /* ProfileVC.swift */; };
		33B525F6255FCE1D0081221E /* Homes.storyboard in Resources */ = {isa = PBXBuildFile; fileRef = 33B525F5255FCE1D0081221E /* Homes.storyboard */; };
		6BC836C92563E3EA00C2A3ED /* PickListTableCell0.swift in Sources */ = {isa = PBXBuildFile; fileRef = 6BC836C82563E3EA00C2A3ED /* PickListTableCell0.swift */; };
		6BC836CC2563E7AE00C2A3ED /* ProfileCollectionCell.swift in Sources */ = {isa = PBXBuildFile; fileRef = 6BC836CB2563E7AE00C2A3ED /* ProfileCollectionCell.swift */; };
/* End PBXBuildFile section */

/* Begin PBXFileReference section */
		1C8438B6255FC8A30095DF11 /* AppDelegate.swift */ = {isa = PBXFileReference; fileEncoding = 4; lastKnownFileType = sourcecode.swift; path = AppDelegate.swift; sourceTree = "<group>"; };
		1C8438B7255FC8A30095DF11 /* SceneDelegate.swift */ = {isa = PBXFileReference; fileEncoding = 4; lastKnownFileType = sourcecode.swift; path = SceneDelegate.swift; sourceTree = "<group>"; };
		1C8438BB255FC8B00095DF11 /* ViewController.swift */ = {isa = PBXFileReference; fileEncoding = 4; lastKnownFileType = sourcecode.swift; path = ViewController.swift; sourceTree = "<group>"; };
		33B52599255FBFBA0081221E /* Picknic-iOS.app */ = {isa = PBXFileReference; explicitFileType = wrapper.application; includeInIndex = 0; path = "Picknic-iOS.app"; sourceTree = BUILT_PRODUCTS_DIR; };
		33B525A5255FBFBB0081221E /* Assets.xcassets */ = {isa = PBXFileReference; lastKnownFileType = folder.assetcatalog; path = Assets.xcassets; sourceTree = "<group>"; };
		33B525A8255FBFBB0081221E /* Base */ = {isa = PBXFileReference; lastKnownFileType = file.storyboard; name = Base; path = Base.lproj/LaunchScreen.storyboard; sourceTree = "<group>"; };
		33B525AA255FBFBB0081221E /* Info.plist */ = {isa = PBXFileReference; lastKnownFileType = text.plist.xml; path = Info.plist; sourceTree = "<group>"; };
		33B525C8255FC12A0081221E /* Main.storyboard */ = {isa = PBXFileReference; lastKnownFileType = file.storyboard; path = Main.storyboard; sourceTree = "<group>"; };
		33B525E3255FCADF0081221E /* Profile.storyboard */ = {isa = PBXFileReference; lastKnownFileType = file.storyboard; path = Profile.storyboard; sourceTree = "<group>"; };
		33B525E6255FCAEF0081221E /* PickList.storyboard */ = {isa = PBXFileReference; lastKnownFileType = file.storyboard; path = PickList.storyboard; sourceTree = "<group>"; };
		33B525E9255FCCB60081221E /* TabbarVC.swift */ = {isa = PBXFileReference; lastKnownFileType = sourcecode.swift; path = TabbarVC.swift; sourceTree = "<group>"; };
		33B525EC255FCD160081221E /* HomeVC.swift */ = {isa = PBXFileReference; lastKnownFileType = sourcecode.swift; path = HomeVC.swift; sourceTree = "<group>"; };
		33B525EF255FCD240081221E /* PickListVC.swift */ = {isa = PBXFileReference; lastKnownFileType = sourcecode.swift; path = PickListVC.swift; sourceTree = "<group>"; };
		33B525F2255FCD310081221E /* ProfileVC.swift */ = {isa = PBXFileReference; lastKnownFileType = sourcecode.swift; path = ProfileVC.swift; sourceTree = "<group>"; };
		33B525F5255FCE1D0081221E /* Homes.storyboard */ = {isa = PBXFileReference; lastKnownFileType = file.storyboard; path = Homes.storyboard; sourceTree = "<group>"; };
		6BC836C82563E3EA00C2A3ED /* PickListTableCell0.swift */ = {isa = PBXFileReference; fileEncoding = 4; lastKnownFileType = sourcecode.swift; path = PickListTableCell0.swift; sourceTree = "<group>"; };
		6BC836CB2563E7AE00C2A3ED /* ProfileCollectionCell.swift */ = {isa = PBXFileReference; lastKnownFileType = sourcecode.swift; path = ProfileCollectionCell.swift; sourceTree = "<group>"; };
/* End PBXFileReference section */

/* Begin PBXFrameworksBuildPhase section */
		33B52596255FBFBA0081221E /* Frameworks */ = {
			isa = PBXFrameworksBuildPhase;
			buildActionMask = 2147483647;
			files = (
			);
			runOnlyForDeploymentPostprocessing = 0;
		};
/* End PBXFrameworksBuildPhase section */

/* Begin PBXGroup section */
		33B52590255FBFBA0081221E = {
			isa = PBXGroup;
			children = (
				33B5259B255FBFBA0081221E /* Picknic-iOS */,
				33B5259A255FBFBA0081221E /* Products */,
			);
			sourceTree = "<group>";
		};
		33B5259A255FBFBA0081221E /* Products */ = {
			isa = PBXGroup;
			children = (
				33B52599255FBFBA0081221E /* Picknic-iOS.app */,
			);
			name = Products;
			sourceTree = "<group>";
		};
		33B5259B255FBFBA0081221E /* Picknic-iOS */ = {
			isa = PBXGroup;
			children = (
				33B525AA255FBFBB0081221E /* Info.plist */,
				33B525B1255FC03B0081221E /* Resources */,
				33B525B2255FC0430081221E /* Sources */,
			);
			path = "Picknic-iOS";
			sourceTree = "<group>";
		};
		33B525B1255FC03B0081221E /* Resources */ = {
			isa = PBXGroup;
			children = (
				1C8438B6255FC8A30095DF11 /* AppDelegate.swift */,
				1C8438B7255FC8A30095DF11 /* SceneDelegate.swift */,
				33B525A5255FBFBB0081221E /* Assets.xcassets */,
				33B525BE255FC0B60081221E /* APIServices */,
				33B525BC255FC0AD0081221E /* Storyboards */,
			);
			path = Resources;
			sourceTree = "<group>";
		};
		33B525B2255FC0430081221E /* Sources */ = {
			isa = PBXGroup;
			children = (
				33B525C2255FC0DB0081221E /* Models */,
				33B525C1255FC0D30081221E /* Designs */,
				33B525C0255FC0CB0081221E /* Cells */,
				33B525BF255FC0C60081221E /* Classes */,
				33B525BB255FC0A50081221E /* VCs */,
			);
			path = Sources;
			sourceTree = "<group>";
		};
		33B525BB255FC0A50081221E /* VCs */ = {
			isa = PBXGroup;
			children = (
				6BC836C82563E3EA00C2A3ED /* PickListTableCell0.swift */,
				1C8438BB255FC8B00095DF11 /* ViewController.swift */,
				33B525E9255FCCB60081221E /* TabbarVC.swift */,
				33B525EC255FCD160081221E /* HomeVC.swift */,
				33B525EF255FCD240081221E /* PickListVC.swift */,
				33B525F2255FCD310081221E /* ProfileVC.swift */,
				6BC836CB2563E7AE00C2A3ED /* ProfileCollectionCell.swift */,
			);
			path = VCs;
			sourceTree = "<group>";
		};
		33B525BC255FC0AD0081221E /* Storyboards */ = {
			isa = PBXGroup;
			children = (
				33B525A7255FBFBB0081221E /* LaunchScreen.storyboard */,
				33B525C8255FC12A0081221E /* Main.storyboard */,
				33B525E3255FCADF0081221E /* Profile.storyboard */,
				33B525E6255FCAEF0081221E /* PickList.storyboard */,
				33B525F5255FCE1D0081221E /* Homes.storyboard */,
			);
			path = Storyboards;
			sourceTree = "<group>";
		};
		33B525BE255FC0B60081221E /* APIServices */ = {
			isa = PBXGroup;
			children = (
			);
			path = APIServices;
			sourceTree = "<group>";
		};
		33B525BF255FC0C60081221E /* Classes */ = {
			isa = PBXGroup;
			children = (
			);
			path = Classes;
			sourceTree = "<group>";
		};
		33B525C0255FC0CB0081221E /* Cells */ = {
			isa = PBXGroup;
			children = (
			);
			path = Cells;
			sourceTree = "<group>";
		};
		33B525C1255FC0D30081221E /* Designs */ = {
			isa = PBXGroup;
			children = (
			);
			name = Designs;
			sourceTree = "<group>";
		};
		33B525C2255FC0DB0081221E /* Models */ = {
			isa = PBXGroup;
			children = (
			);
			path = Models;
			sourceTree = "<group>";
		};
/* End PBXGroup section */

/* Begin PBXNativeTarget section */
		33B52598255FBFBA0081221E /* Picknic-iOS */ = {
			isa = PBXNativeTarget;
			buildConfigurationList = 33B525AD255FBFBB0081221E /* Build configuration list for PBXNativeTarget "Picknic-iOS" */;
			buildPhases = (
				33B52595255FBFBA0081221E /* Sources */,
				33B52596255FBFBA0081221E /* Frameworks */,
				33B52597255FBFBA0081221E /* Resources */,
			);
			buildRules = (
			);
			dependencies = (
			);
			name = "Picknic-iOS";
			productName = "Picknic-iOS";
			productReference = 33B52599255FBFBA0081221E /* Picknic-iOS.app */;
			productType = "com.apple.product-type.application";
		};
/* End PBXNativeTarget section */

/* Begin PBXProject section */
		33B52591255FBFBA0081221E /* Project object */ = {
			isa = PBXProject;
			attributes = {
				LastSwiftUpdateCheck = 1220;
				LastUpgradeCheck = 1220;
				TargetAttributes = {
					33B52598255FBFBA0081221E = {
						CreatedOnToolsVersion = 12.2;
					};
				};
			};
			buildConfigurationList = 33B52594255FBFBA0081221E /* Build configuration list for PBXProject "Picknic-iOS" */;
			compatibilityVersion = "Xcode 9.3";
			developmentRegion = en;
			hasScannedForEncodings = 0;
			knownRegions = (
				en,
				Base,
			);
			mainGroup = 33B52590255FBFBA0081221E;
			productRefGroup = 33B5259A255FBFBA0081221E /* Products */;
			projectDirPath = "";
			projectRoot = "";
			targets = (
				33B52598255FBFBA0081221E /* Picknic-iOS */,
			);
		};
/* End PBXProject section */

/* Begin PBXResourcesBuildPhase section */
		33B52597255FBFBA0081221E /* Resources */ = {
			isa = PBXResourcesBuildPhase;
			buildActionMask = 2147483647;
			files = (
				33B525C9255FC12A0081221E /* Main.storyboard in Resources */,
				33B525A9255FBFBB0081221E /* LaunchScreen.storyboard in Resources */,
				33B525E4255FCADF0081221E /* Profile.storyboard in Resources */,
				33B525F6255FCE1D0081221E /* Homes.storyboard in Resources */,
				33B525E7255FCAEF0081221E /* PickList.storyboard in Resources */,
				33B525A6255FBFBB0081221E /* Assets.xcassets in Resources */,
			);
			runOnlyForDeploymentPostprocessing = 0;
		};
/* End PBXResourcesBuildPhase section */

/* Begin PBXSourcesBuildPhase section */
		33B52595255FBFBA0081221E /* Sources */ = {
			isa = PBXSourcesBuildPhase;
			buildActionMask = 2147483647;
			files = (
				1C8438B8255FC8A30095DF11 /* AppDelegate.swift in Sources */,
				33B525ED255FCD160081221E /* HomeVC.swift in Sources */,
				33B525F3255FCD310081221E /* ProfileVC.swift in Sources */,
				1C8438B9255FC8A30095DF11 /* SceneDelegate.swift in Sources */,
				33B525F0255FCD240081221E /* PickListVC.swift in Sources */,
				33B525EA255FCCB60081221E /* TabbarVC.swift in Sources */,
				6BC836C92563E3EA00C2A3ED /* PickListTableCell0.swift in Sources */,
				1C8438BC255FC8B00095DF11 /* ViewController.swift in Sources */,
				6BC836CC2563E7AE00C2A3ED /* ProfileCollectionCell.swift in Sources */,
			);
			runOnlyForDeploymentPostprocessing = 0;
		};
/* End PBXSourcesBuildPhase section */

/* Begin PBXVariantGroup section */
		33B525A7255FBFBB0081221E /* LaunchScreen.storyboard */ = {
			isa = PBXVariantGroup;
			children = (
				33B525A8255FBFBB0081221E /* Base */,
			);
			name = LaunchScreen.storyboard;
			sourceTree = "<group>";
		};
/* End PBXVariantGroup section */

/* Begin XCBuildConfiguration section */
		33B525AB255FBFBB0081221E /* Debug */ = {
			isa = XCBuildConfiguration;
			buildSettings = {
				ALWAYS_SEARCH_USER_PATHS = NO;
				CLANG_ANALYZER_NONNULL = YES;
				CLANG_ANALYZER_NUMBER_OBJECT_CONVERSION = YES_AGGRESSIVE;
				CLANG_CXX_LANGUAGE_STANDARD = "gnu++14";
				CLANG_CXX_LIBRARY = "libc++";
				CLANG_ENABLE_MODULES = YES;
				CLANG_ENABLE_OBJC_ARC = YES;
				CLANG_ENABLE_OBJC_WEAK = YES;
				CLANG_WARN_BLOCK_CAPTURE_AUTORELEASING = YES;
				CLANG_WARN_BOOL_CONVERSION = YES;
				CLANG_WARN_COMMA = YES;
				CLANG_WARN_CONSTANT_CONVERSION = YES;
				CLANG_WARN_DEPRECATED_OBJC_IMPLEMENTATIONS = YES;
				CLANG_WARN_DIRECT_OBJC_ISA_USAGE = YES_ERROR;
				CLANG_WARN_DOCUMENTATION_COMMENTS = YES;
				CLANG_WARN_EMPTY_BODY = YES;
				CLANG_WARN_ENUM_CONVERSION = YES;
				CLANG_WARN_INFINITE_RECURSION = YES;
				CLANG_WARN_INT_CONVERSION = YES;
				CLANG_WARN_NON_LITERAL_NULL_CONVERSION = YES;
				CLANG_WARN_OBJC_IMPLICIT_RETAIN_SELF = YES;
				CLANG_WARN_OBJC_LITERAL_CONVERSION = YES;
				CLANG_WARN_OBJC_ROOT_CLASS = YES_ERROR;
				CLANG_WARN_QUOTED_INCLUDE_IN_FRAMEWORK_HEADER = YES;
				CLANG_WARN_RANGE_LOOP_ANALYSIS = YES;
				CLANG_WARN_STRICT_PROTOTYPES = YES;
				CLANG_WARN_SUSPICIOUS_MOVE = YES;
				CLANG_WARN_UNGUARDED_AVAILABILITY = YES_AGGRESSIVE;
				CLANG_WARN_UNREACHABLE_CODE = YES;
				CLANG_WARN__DUPLICATE_METHOD_MATCH = YES;
				COPY_PHASE_STRIP = NO;
				DEBUG_INFORMATION_FORMAT = dwarf;
				ENABLE_STRICT_OBJC_MSGSEND = YES;
				ENABLE_TESTABILITY = YES;
				GCC_C_LANGUAGE_STANDARD = gnu11;
				GCC_DYNAMIC_NO_PIC = NO;
				GCC_NO_COMMON_BLOCKS = YES;
				GCC_OPTIMIZATION_LEVEL = 0;
				GCC_PREPROCESSOR_DEFINITIONS = (
					"DEBUG=1",
					"$(inherited)",
				);
				GCC_WARN_64_TO_32_BIT_CONVERSION = YES;
				GCC_WARN_ABOUT_RETURN_TYPE = YES_ERROR;
				GCC_WARN_UNDECLARED_SELECTOR = YES;
				GCC_WARN_UNINITIALIZED_AUTOS = YES_AGGRESSIVE;
				GCC_WARN_UNUSED_FUNCTION = YES;
				GCC_WARN_UNUSED_VARIABLE = YES;
				IPHONEOS_DEPLOYMENT_TARGET = 14.2;
				MTL_ENABLE_DEBUG_INFO = INCLUDE_SOURCE;
				MTL_FAST_MATH = YES;
				ONLY_ACTIVE_ARCH = YES;
				SDKROOT = iphoneos;
				SWIFT_ACTIVE_COMPILATION_CONDITIONS = DEBUG;
				SWIFT_OPTIMIZATION_LEVEL = "-Onone";
			};
			name = Debug;
		};
		33B525AC255FBFBB0081221E /* Release */ = {
			isa = XCBuildConfiguration;
			buildSettings = {
				ALWAYS_SEARCH_USER_PATHS = NO;
				CLANG_ANALYZER_NONNULL = YES;
				CLANG_ANALYZER_NUMBER_OBJECT_CONVERSION = YES_AGGRESSIVE;
				CLANG_CXX_LANGUAGE_STANDARD = "gnu++14";
				CLANG_CXX_LIBRARY = "libc++";
				CLANG_ENABLE_MODULES = YES;
				CLANG_ENABLE_OBJC_ARC = YES;
				CLANG_ENABLE_OBJC_WEAK = YES;
				CLANG_WARN_BLOCK_CAPTURE_AUTORELEASING = YES;
				CLANG_WARN_BOOL_CONVERSION = YES;
				CLANG_WARN_COMMA = YES;
				CLANG_WARN_CONSTANT_CONVERSION = YES;
				CLANG_WARN_DEPRECATED_OBJC_IMPLEMENTATIONS = YES;
				CLANG_WARN_DIRECT_OBJC_ISA_USAGE = YES_ERROR;
				CLANG_WARN_DOCUMENTATION_COMMENTS = YES;
				CLANG_WARN_EMPTY_BODY = YES;
				CLANG_WARN_ENUM_CONVERSION = YES;
				CLANG_WARN_INFINITE_RECURSION = YES;
				CLANG_WARN_INT_CONVERSION = YES;
				CLANG_WARN_NON_LITERAL_NULL_CONVERSION = YES;
				CLANG_WARN_OBJC_IMPLICIT_RETAIN_SELF = YES;
				CLANG_WARN_OBJC_LITERAL_CONVERSION = YES;
				CLANG_WARN_OBJC_ROOT_CLASS = YES_ERROR;
				CLANG_WARN_QUOTED_INCLUDE_IN_FRAMEWORK_HEADER = YES;
				CLANG_WARN_RANGE_LOOP_ANALYSIS = YES;
				CLANG_WARN_STRICT_PROTOTYPES = YES;
				CLANG_WARN_SUSPICIOUS_MOVE = YES;
				CLANG_WARN_UNGUARDED_AVAILABILITY = YES_AGGRESSIVE;
				CLANG_WARN_UNREACHABLE_CODE = YES;
				CLANG_WARN__DUPLICATE_METHOD_MATCH = YES;
				COPY_PHASE_STRIP = NO;
				DEBUG_INFORMATION_FORMAT = "dwarf-with-dsym";
				ENABLE_NS_ASSERTIONS = NO;
				ENABLE_STRICT_OBJC_MSGSEND = YES;
				GCC_C_LANGUAGE_STANDARD = gnu11;
				GCC_NO_COMMON_BLOCKS = YES;
				GCC_WARN_64_TO_32_BIT_CONVERSION = YES;
				GCC_WARN_ABOUT_RETURN_TYPE = YES_ERROR;
				GCC_WARN_UNDECLARED_SELECTOR = YES;
				GCC_WARN_UNINITIALIZED_AUTOS = YES_AGGRESSIVE;
				GCC_WARN_UNUSED_FUNCTION = YES;
				GCC_WARN_UNUSED_VARIABLE = YES;
				IPHONEOS_DEPLOYMENT_TARGET = 14.2;
				MTL_ENABLE_DEBUG_INFO = NO;
				MTL_FAST_MATH = YES;
				SDKROOT = iphoneos;
				SWIFT_COMPILATION_MODE = wholemodule;
				SWIFT_OPTIMIZATION_LEVEL = "-O";
				VALIDATE_PRODUCT = YES;
			};
			name = Release;
		};
		33B525AE255FBFBB0081221E /* Debug */ = {
			isa = XCBuildConfiguration;
			buildSettings = {
				ASSETCATALOG_COMPILER_APPICON_NAME = AppIcon;
				ASSETCATALOG_COMPILER_GLOBAL_ACCENT_COLOR_NAME = AccentColor;
				CODE_SIGN_STYLE = Automatic;
				INFOPLIST_FILE = "Picknic-iOS/Info.plist";
				LD_RUNPATH_SEARCH_PATHS = (
					"$(inherited)",
					"@executable_path/Frameworks",
				);
				PRODUCT_BUNDLE_IDENTIFIER = "com.swu.hwangji.Picknic-iOS";
				PRODUCT_NAME = "$(TARGET_NAME)";
				SWIFT_VERSION = 5.0;
				TARGETED_DEVICE_FAMILY = "1,2";
			};
			name = Debug;
		};
		33B525AF255FBFBB0081221E /* Release */ = {
			isa = XCBuildConfiguration;
			buildSettings = {
				ASSETCATALOG_COMPILER_APPICON_NAME = AppIcon;
				ASSETCATALOG_COMPILER_GLOBAL_ACCENT_COLOR_NAME = AccentColor;
				CODE_SIGN_STYLE = Automatic;
				INFOPLIST_FILE = "Picknic-iOS/Info.plist";
				LD_RUNPATH_SEARCH_PATHS = (
					"$(inherited)",
					"@executable_path/Frameworks",
				);
				PRODUCT_BUNDLE_IDENTIFIER = "com.swu.hwangji.Picknic-iOS";
				PRODUCT_NAME = "$(TARGET_NAME)";
				SWIFT_VERSION = 5.0;
				TARGETED_DEVICE_FAMILY = "1,2";
			};
			name = Release;
		};
/* End XCBuildConfiguration section */

/* Begin XCConfigurationList section */
		33B52594255FBFBA0081221E /* Build configuration list for PBXProject "Picknic-iOS" */ = {
			isa = XCConfigurationList;
			buildConfigurations = (
				33B525AB255FBFBB0081221E /* Debug */,
				33B525AC255FBFBB0081221E /* Release */,
			);
			defaultConfigurationIsVisible = 0;
			defaultConfigurationName = Release;
		};
		33B525AD255FBFBB0081221E /* Build configuration list for PBXNativeTarget "Picknic-iOS" */ = {
			isa = XCConfigurationList;
			buildConfigurations = (
				33B525AE255FBFBB0081221E /* Debug */,
				33B525AF255FBFBB0081221E /* Release */,
			);
			defaultConfigurationIsVisible = 0;
			defaultConfigurationName = Release;
		};
/* End XCConfigurationList section */
	};
	rootObject = 33B52591255FBFBA0081221E /* Project object */;
}
